// !$*UTF8*$!
{
	archiveVersion = 1;
	classes = {
	};
	objectVersion = 56;
	objects = {

/* Begin PBXBuildFile section */
		74331F1429F5E37900411EC0 /* Extensions.swift in Sources */ = {isa = PBXBuildFile; fileRef = 74331F1329F5E37900411EC0 /* Extensions.swift */; };
		7450F1C429FC72280019638D /* FavoritesListViewController.swift in Sources */ = {isa = PBXBuildFile; fileRef = 7450F1C329FC72280019638D /* FavoritesListViewController.swift */; };
		7450F1C829FDB6D10019638D /* FavoriteCell.swift in Sources */ = {isa = PBXBuildFile; fileRef = 7450F1C729FDB6D10019638D /* FavoriteCell.swift */; };
		748EBDBB2A0356C1007ADE7F /* PersistenceManager.swift in Sources */ = {isa = PBXBuildFile; fileRef = 748EBDBA2A0356C1007ADE7F /* PersistenceManager.swift */; };
		748EBDC02A070DCB007ADE7F /* FavoriteError.swift in Sources */ = {isa = PBXBuildFile; fileRef = 748EBDBF2A070DCB007ADE7F /* FavoriteError.swift */; };
		748EBDC42A085724007ADE7F /* EmptyView.swift in Sources */ = {isa = PBXBuildFile; fileRef = 748EBDC32A085724007ADE7F /* EmptyView.swift */; };
		748EBDC62A086249007ADE7F /* UIViewController-Ext.swift in Sources */ = {isa = PBXBuildFile; fileRef = 748EBDC52A086249007ADE7F /* UIViewController-Ext.swift */; };
		74AC6F5529ECC06000E8F9D6 /* DigimonCell.swift in Sources */ = {isa = PBXBuildFile; fileRef = 74AC6F5429ECC06000E8F9D6 /* DigimonCell.swift */; };
		74B8CD4A29EB35E600F0AD40 /* AppDelegate.swift in Sources */ = {isa = PBXBuildFile; fileRef = 74B8CD4929EB35E600F0AD40 /* AppDelegate.swift */; };
		74B8CD4C29EB35E600F0AD40 /* SceneDelegate.swift in Sources */ = {isa = PBXBuildFile; fileRef = 74B8CD4B29EB35E600F0AD40 /* SceneDelegate.swift */; };
		74B8CD4E29EB35E600F0AD40 /* DigmonCharacterViewController.swift in Sources */ = {isa = PBXBuildFile; fileRef = 74B8CD4D29EB35E600F0AD40 /* DigmonCharacterViewController.swift */; };
		74B8CD5429EB35E600F0AD40 /* DigimonProject.xcdatamodeld in Sources */ = {isa = PBXBuildFile; fileRef = 74B8CD5229EB35E600F0AD40 /* DigimonProject.xcdatamodeld */; };
		74B8CD5629EB35E700F0AD40 /* Assets.xcassets in Resources */ = {isa = PBXBuildFile; fileRef = 74B8CD5529EB35E700F0AD40 /* Assets.xcassets */; };
		74B8CD5929EB35E700F0AD40 /* LaunchScreen.storyboard in Resources */ = {isa = PBXBuildFile; fileRef = 74B8CD5729EB35E700F0AD40 /* LaunchScreen.storyboard */; };
		74B8CD6129EB3E0500F0AD40 /* Digimon.swift in Sources */ = {isa = PBXBuildFile; fileRef = 74B8CD6029EB3E0500F0AD40 /* Digimon.swift */; };
		74B8CD6329EB40B500F0AD40 /*  DigimonViewModel.swift in Sources */ = {isa = PBXBuildFile; fileRef = 74B8CD6229EB40B500F0AD40 /*  DigimonViewModel.swift */; };
		74E269E12A0ADC8400F8ACAB /* AlertTitleLabel.swift in Sources */ = {isa = PBXBuildFile; fileRef = 74E269E02A0ADC8400F8ACAB /* AlertTitleLabel.swift */; };
		74E269E32A0ADE4100F8ACAB /* AlertBodyLabel.swift in Sources */ = {isa = PBXBuildFile; fileRef = 74E269E22A0ADE4100F8ACAB /* AlertBodyLabel.swift */; };
		74E269E52A0AE05100F8ACAB /* AlertButton.swift in Sources */ = {isa = PBXBuildFile; fileRef = 74E269E42A0AE05100F8ACAB /* AlertButton.swift */; };
		74E269E72A0AFFFD00F8ACAB /* AlertViewController.swift in Sources */ = {isa = PBXBuildFile; fileRef = 74E269E62A0AFFFD00F8ACAB /* AlertViewController.swift */; };
/* End PBXBuildFile section */

/* Begin PBXFileReference section */
		74331F1329F5E37900411EC0 /* Extensions.swift */ = {isa = PBXFileReference; lastKnownFileType = sourcecode.swift; path = Extensions.swift; sourceTree = "<group>"; };
		7450F1C329FC72280019638D /* FavoritesListViewController.swift */ = {isa = PBXFileReference; lastKnownFileType = sourcecode.swift; path = FavoritesListViewController.swift; sourceTree = "<group>"; };
		7450F1C729FDB6D10019638D /* FavoriteCell.swift */ = {isa = PBXFileReference; lastKnownFileType = sourcecode.swift; path = FavoriteCell.swift; sourceTree = "<group>"; };
		748EBDBA2A0356C1007ADE7F /* PersistenceManager.swift */ = {isa = PBXFileReference; lastKnownFileType = sourcecode.swift; path = PersistenceManager.swift; sourceTree = "<group>"; };
		748EBDBF2A070DCB007ADE7F /* FavoriteError.swift */ = {isa = PBXFileReference; lastKnownFileType = sourcecode.swift; path = FavoriteError.swift; sourceTree = "<group>"; };
		748EBDC32A085724007ADE7F /* EmptyView.swift */ = {isa = PBXFileReference; lastKnownFileType = sourcecode.swift; path = EmptyView.swift; sourceTree = "<group>"; };
		748EBDC52A086249007ADE7F /* UIViewController-Ext.swift */ = {isa = PBXFileReference; lastKnownFileType = sourcecode.swift; path = "UIViewController-Ext.swift"; sourceTree = "<group>"; };
		74AC6F5429ECC06000E8F9D6 /* DigimonCell.swift */ = {isa = PBXFileReference; lastKnownFileType = sourcecode.swift; path = DigimonCell.swift; sourceTree = "<group>"; };
		74B8CD4629EB35E600F0AD40 /* DigimonProject.app */ = {isa = PBXFileReference; explicitFileType = wrapper.application; includeInIndex = 0; path = DigimonProject.app; sourceTree = BUILT_PRODUCTS_DIR; };
		74B8CD4929EB35E600F0AD40 /* AppDelegate.swift */ = {isa = PBXFileReference; lastKnownFileType = sourcecode.swift; path = AppDelegate.swift; sourceTree = "<group>"; };
		74B8CD4B29EB35E600F0AD40 /* SceneDelegate.swift */ = {isa = PBXFileReference; lastKnownFileType = sourcecode.swift; path = SceneDelegate.swift; sourceTree = "<group>"; };
		74B8CD4D29EB35E600F0AD40 /* DigmonCharacterViewController.swift */ = {isa = PBXFileReference; lastKnownFileType = sourcecode.swift; path = DigmonCharacterViewController.swift; sourceTree = "<group>"; };
		74B8CD5329EB35E600F0AD40 /* DigimonProject.xcdatamodel */ = {isa = PBXFileReference; lastKnownFileType = wrapper.xcdatamodel; path = DigimonProject.xcdatamodel; sourceTree = "<group>"; };
		74B8CD5529EB35E700F0AD40 /* Assets.xcassets */ = {isa = PBXFileReference; lastKnownFileType = folder.assetcatalog; path = Assets.xcassets; sourceTree = "<group>"; };
		74B8CD5829EB35E700F0AD40 /* Base */ = {isa = PBXFileReference; lastKnownFileType = file.storyboard; name = Base; path = Base.lproj/LaunchScreen.storyboard; sourceTree = "<group>"; };
		74B8CD5A29EB35E700F0AD40 /* Info.plist */ = {isa = PBXFileReference; lastKnownFileType = text.plist.xml; path = Info.plist; sourceTree = "<group>"; };
		74B8CD6029EB3E0500F0AD40 /* Digimon.swift */ = {isa = PBXFileReference; lastKnownFileType = sourcecode.swift; path = Digimon.swift; sourceTree = "<group>"; };
		74B8CD6229EB40B500F0AD40 /*  DigimonViewModel.swift */ = {isa = PBXFileReference; lastKnownFileType = sourcecode.swift; path = " DigimonViewModel.swift"; sourceTree = "<group>"; };
		74E269E02A0ADC8400F8ACAB /* AlertTitleLabel.swift */ = {isa = PBXFileReference; lastKnownFileType = sourcecode.swift; path = AlertTitleLabel.swift; sourceTree = "<group>"; };
		74E269E22A0ADE4100F8ACAB /* AlertBodyLabel.swift */ = {isa = PBXFileReference; lastKnownFileType = sourcecode.swift; path = AlertBodyLabel.swift; sourceTree = "<group>"; };
		74E269E42A0AE05100F8ACAB /* AlertButton.swift */ = {isa = PBXFileReference; lastKnownFileType = sourcecode.swift; path = AlertButton.swift; sourceTree = "<group>"; };
		74E269E62A0AFFFD00F8ACAB /* AlertViewController.swift */ = {isa = PBXFileReference; lastKnownFileType = sourcecode.swift; path = AlertViewController.swift; sourceTree = "<group>"; };
/* End PBXFileReference section */

/* Begin PBXFrameworksBuildPhase section */
		74B8CD4329EB35E600F0AD40 /* Frameworks */ = {
			isa = PBXFrameworksBuildPhase;
			buildActionMask = 2147483647;
			files = (
			);
			runOnlyForDeploymentPostprocessing = 0;
		};
/* End PBXFrameworksBuildPhase section */

/* Begin PBXGroup section */
		7450F1C029FA0CDF0019638D /* Helpers */ = {
			isa = PBXGroup;
			children = (
				748EBDC52A086249007ADE7F /* UIViewController-Ext.swift */,
				74331F1329F5E37900411EC0 /* Extensions.swift */,
				748EBDBF2A070DCB007ADE7F /* FavoriteError.swift */,
			);
			path = Helpers;
			sourceTree = "<group>";
		};
		748A9A602A0BF2D500BEFCA2 /* Alert Components */ = {
			isa = PBXGroup;
			children = (
				74E269E02A0ADC8400F8ACAB /* AlertTitleLabel.swift */,
				74E269E22A0ADE4100F8ACAB /* AlertBodyLabel.swift */,
				74E269E42A0AE05100F8ACAB /* AlertButton.swift */,
				74E269E62A0AFFFD00F8ACAB /* AlertViewController.swift */,
			);
			path = "Alert Components";
			sourceTree = "<group>";
		};
		748EBDBC2A056A73007ADE7F /* Cells */ = {
			isa = PBXGroup;
			children = (
				74AC6F5429ECC06000E8F9D6 /* DigimonCell.swift */,
				7450F1C729FDB6D10019638D /* FavoriteCell.swift */,
			);
			path = Cells;
			sourceTree = "<group>";
		};
		74AC6F4C29ECA4F600E8F9D6 /* Controller */ = {
			isa = PBXGroup;
			children = (
				74B8CD4D29EB35E600F0AD40 /* DigmonCharacterViewController.swift */,
				7450F1C329FC72280019638D /* FavoritesListViewController.swift */,
			);
			path = Controller;
			sourceTree = "<group>";
		};
		74B8CD3D29EB35E600F0AD40 = {
			isa = PBXGroup;
			children = (
				74B8CD4829EB35E600F0AD40 /* DigimonProject */,
				74B8CD4729EB35E600F0AD40 /* Products */,
			);
			sourceTree = "<group>";
		};
		74B8CD4729EB35E600F0AD40 /* Products */ = {
			isa = PBXGroup;
			children = (
				74B8CD4629EB35E600F0AD40 /* DigimonProject.app */,
			);
			name = Products;
			sourceTree = "<group>";
		};
		74B8CD4829EB35E600F0AD40 /* DigimonProject */ = {
			isa = PBXGroup;
			children = (
				74B8CD4929EB35E600F0AD40 /* AppDelegate.swift */,
				74B8CD4B29EB35E600F0AD40 /* SceneDelegate.swift */,
				74E269DE2A0AD66400F8ACAB /* Manager */,
				74E269DF2A0AD69100F8ACAB /* Custom Views */,
				7450F1C029FA0CDF0019638D /* Helpers */,
				74BDFEBF29EB56A200DA0AEE /* Model */,
				74BDFEBE29EB569800DA0AEE /* ViewModel */,
				74AC6F4C29ECA4F600E8F9D6 /* Controller */,
				748EBDBC2A056A73007ADE7F /* Cells */,
				74B8CD5529EB35E700F0AD40 /* Assets.xcassets */,
				74B8CD5729EB35E700F0AD40 /* LaunchScreen.storyboard */,
				74B8CD5A29EB35E700F0AD40 /* Info.plist */,
				74B8CD5229EB35E600F0AD40 /* DigimonProject.xcdatamodeld */,
			);
			path = DigimonProject;
			sourceTree = "<group>";
		};
		74BDFEBE29EB569800DA0AEE /* ViewModel */ = {
			isa = PBXGroup;
			children = (
				74B8CD6229EB40B500F0AD40 /*  DigimonViewModel.swift */,
			);
			path = ViewModel;
			sourceTree = "<group>";
		};
		74BDFEBF29EB56A200DA0AEE /* Model */ = {
			isa = PBXGroup;
			children = (
				74B8CD6029EB3E0500F0AD40 /* Digimon.swift */,
			);
			path = Model;
			sourceTree = "<group>";
		};
		74E269DE2A0AD66400F8ACAB /* Manager */ = {
			isa = PBXGroup;
			children = (
				748EBDBA2A0356C1007ADE7F /* PersistenceManager.swift */,
			);
			path = Manager;
			sourceTree = "<group>";
		};
		74E269DF2A0AD69100F8ACAB /* Custom Views */ = {
			isa = PBXGroup;
			children = (
				748EBDC32A085724007ADE7F /* EmptyView.swift */,
				748A9A602A0BF2D500BEFCA2 /* Alert Components */,
			);
			path = "Custom Views";
			sourceTree = "<group>";
		};
/* End PBXGroup section */

/* Begin PBXNativeTarget section */
		74B8CD4529EB35E600F0AD40 /* DigimonProject */ = {
			isa = PBXNativeTarget;
			buildConfigurationList = 74B8CD5D29EB35E700F0AD40 /* Build configuration list for PBXNativeTarget "DigimonProject" */;
			buildPhases = (
				74B8CD4229EB35E600F0AD40 /* Sources */,
				74B8CD4329EB35E600F0AD40 /* Frameworks */,
				74B8CD4429EB35E600F0AD40 /* Resources */,
			);
			buildRules = (
			);
			dependencies = (
			);
			name = DigimonProject;
			productName = DigimonProject;
			productReference = 74B8CD4629EB35E600F0AD40 /* DigimonProject.app */;
			productType = "com.apple.product-type.application";
		};
/* End PBXNativeTarget section */

/* Begin PBXProject section */
		74B8CD3E29EB35E600F0AD40 /* Project object */ = {
			isa = PBXProject;
			attributes = {
				BuildIndependentTargetsInParallel = 1;
				LastSwiftUpdateCheck = 1430;
				LastUpgradeCheck = 1430;
				TargetAttributes = {
					74B8CD4529EB35E600F0AD40 = {
						CreatedOnToolsVersion = 14.3;
					};
				};
			};
			buildConfigurationList = 74B8CD4129EB35E600F0AD40 /* Build configuration list for PBXProject "DigimonProject" */;
			compatibilityVersion = "Xcode 14.0";
			developmentRegion = en;
			hasScannedForEncodings = 0;
			knownRegions = (
				en,
				Base,
			);
			mainGroup = 74B8CD3D29EB35E600F0AD40;
			productRefGroup = 74B8CD4729EB35E600F0AD40 /* Products */;
			projectDirPath = "";
			projectRoot = "";
			targets = (
				74B8CD4529EB35E600F0AD40 /* DigimonProject */,
			);
		};
/* End PBXProject section */

/* Begin PBXResourcesBuildPhase section */
		74B8CD4429EB35E600F0AD40 /* Resources */ = {
			isa = PBXResourcesBuildPhase;
			buildActionMask = 2147483647;
			files = (
				74B8CD5929EB35E700F0AD40 /* LaunchScreen.storyboard in Resources */,
				74B8CD5629EB35E700F0AD40 /* Assets.xcassets in Resources */,
			);
			runOnlyForDeploymentPostprocessing = 0;
		};
/* End PBXResourcesBuildPhase section */

/* Begin PBXSourcesBuildPhase section */
		74B8CD4229EB35E600F0AD40 /* Sources */ = {
			isa = PBXSourcesBuildPhase;
			buildActionMask = 2147483647;
			files = (
				748EBDBB2A0356C1007ADE7F /* PersistenceManager.swift in Sources */,
				748EBDC42A085724007ADE7F /* EmptyView.swift in Sources */,
				7450F1C429FC72280019638D /* FavoritesListViewController.swift in Sources */,
				74B8CD4E29EB35E600F0AD40 /* DigmonCharacterViewController.swift in Sources */,
				74331F1429F5E37900411EC0 /* Extensions.swift in Sources */,
				74E269E32A0ADE4100F8ACAB /* AlertBodyLabel.swift in Sources */,
				74B8CD5429EB35E600F0AD40 /* DigimonProject.xcdatamodeld in Sources */,
				74B8CD4A29EB35E600F0AD40 /* AppDelegate.swift in Sources */,
				74B8CD6329EB40B500F0AD40 /*  DigimonViewModel.swift in Sources */,
				748EBDC62A086249007ADE7F /* UIViewController-Ext.swift in Sources */,
				74E269E12A0ADC8400F8ACAB /* AlertTitleLabel.swift in Sources */,
				74B8CD4C29EB35E600F0AD40 /* SceneDelegate.swift in Sources */,
				748EBDC02A070DCB007ADE7F /* FavoriteError.swift in Sources */,
				74E269E72A0AFFFD00F8ACAB /* AlertViewController.swift in Sources */,
				74E269E52A0AE05100F8ACAB /* AlertButton.swift in Sources */,
				7450F1C829FDB6D10019638D /* FavoriteCell.swift in Sources */,
				74AC6F5529ECC06000E8F9D6 /* DigimonCell.swift in Sources */,
				74B8CD6129EB3E0500F0AD40 /* Digimon.swift in Sources */,
			);
			runOnlyForDeploymentPostprocessing = 0;
		};
/* End PBXSourcesBuildPhase section */

/* Begin PBXVariantGroup section */
		74B8CD5729EB35E700F0AD40 /* LaunchScreen.storyboard */ = {
			isa = PBXVariantGroup;
			children = (
				74B8CD5829EB35E700F0AD40 /* Base */,
			);
			name = LaunchScreen.storyboard;
			sourceTree = "<group>";
		};
/* End PBXVariantGroup section */

/* Begin XCBuildConfiguration section */
		74B8CD5B29EB35E700F0AD40 /* Debug */ = {
			isa = XCBuildConfiguration;
			buildSettings = {
				ALWAYS_SEARCH_USER_PATHS = NO;
				CLANG_ANALYZER_NONNULL = YES;
				CLANG_ANALYZER_NUMBER_OBJECT_CONVERSION = YES_AGGRESSIVE;
				CLANG_CXX_LANGUAGE_STANDARD = "gnu++20";
				CLANG_ENABLE_MODULES = YES;
				CLANG_ENABLE_OBJC_ARC = YES;
				CLANG_ENABLE_OBJC_WEAK = YES;
				CLANG_WARN_BLOCK_CAPTURE_AUTORELEASING = YES;
				CLANG_WARN_BOOL_CONVERSION = YES;
				CLANG_WARN_COMMA = YES;
				CLANG_WARN_CONSTANT_CONVERSION = YES;
				CLANG_WARN_DEPRECATED_OBJC_IMPLEMENTATIONS = YES;
				CLANG_WARN_DIRECT_OBJC_ISA_USAGE = YES_ERROR;
				CLANG_WARN_DOCUMENTATION_COMMENTS = YES;
				CLANG_WARN_EMPTY_BODY = YES;
				CLANG_WARN_ENUM_CONVERSION = YES;
				CLANG_WARN_INFINITE_RECURSION = YES;
				CLANG_WARN_INT_CONVERSION = YES;
				CLANG_WARN_NON_LITERAL_NULL_CONVERSION = YES;
				CLANG_WARN_OBJC_IMPLICIT_RETAIN_SELF = YES;
				CLANG_WARN_OBJC_LITERAL_CONVERSION = YES;
				CLANG_WARN_OBJC_ROOT_CLASS = YES_ERROR;
				CLANG_WARN_QUOTED_INCLUDE_IN_FRAMEWORK_HEADER = YES;
				CLANG_WARN_RANGE_LOOP_ANALYSIS = YES;
				CLANG_WARN_STRICT_PROTOTYPES = YES;
				CLANG_WARN_SUSPICIOUS_MOVE = YES;
				CLANG_WARN_UNGUARDED_AVAILABILITY = YES_AGGRESSIVE;
				CLANG_WARN_UNREACHABLE_CODE = YES;
				CLANG_WARN__DUPLICATE_METHOD_MATCH = YES;
				COPY_PHASE_STRIP = NO;
				DEBUG_INFORMATION_FORMAT = dwarf;
				ENABLE_STRICT_OBJC_MSGSEND = YES;
				ENABLE_TESTABILITY = YES;
				GCC_C_LANGUAGE_STANDARD = gnu11;
				GCC_DYNAMIC_NO_PIC = NO;
				GCC_NO_COMMON_BLOCKS = YES;
				GCC_OPTIMIZATION_LEVEL = 0;
				GCC_PREPROCESSOR_DEFINITIONS = (
					"DEBUG=1",
					"$(inherited)",
				);
				GCC_WARN_64_TO_32_BIT_CONVERSION = YES;
				GCC_WARN_ABOUT_RETURN_TYPE = YES_ERROR;
				GCC_WARN_UNDECLARED_SELECTOR = YES;
				GCC_WARN_UNINITIALIZED_AUTOS = YES_AGGRESSIVE;
				GCC_WARN_UNUSED_FUNCTION = YES;
				GCC_WARN_UNUSED_VARIABLE = YES;
				IPHONEOS_DEPLOYMENT_TARGET = 16.4;
				MTL_ENABLE_DEBUG_INFO = INCLUDE_SOURCE;
				MTL_FAST_MATH = YES;
				ONLY_ACTIVE_ARCH = YES;
				SDKROOT = iphoneos;
				SWIFT_ACTIVE_COMPILATION_CONDITIONS = DEBUG;
				SWIFT_OPTIMIZATION_LEVEL = "-Onone";
			};
			name = Debug;
		};
		74B8CD5C29EB35E700F0AD40 /* Release */ = {
			isa = XCBuildConfiguration;
			buildSettings = {
				ALWAYS_SEARCH_USER_PATHS = NO;
				CLANG_ANALYZER_NONNULL = YES;
				CLANG_ANALYZER_NUMBER_OBJECT_CONVERSION = YES_AGGRESSIVE;
				CLANG_CXX_LANGUAGE_STANDARD = "gnu++20";
				CLANG_ENABLE_MODULES = YES;
				CLANG_ENABLE_OBJC_ARC = YES;
				CLANG_ENABLE_OBJC_WEAK = YES;
				CLANG_WARN_BLOCK_CAPTURE_AUTORELEASING = YES;
				CLANG_WARN_BOOL_CONVERSION = YES;
				CLANG_WARN_COMMA = YES;
				CLANG_WARN_CONSTANT_CONVERSION = YES;
				CLANG_WARN_DEPRECATED_OBJC_IMPLEMENTATIONS = YES;
				CLANG_WARN_DIRECT_OBJC_ISA_USAGE = YES_ERROR;
				CLANG_WARN_DOCUMENTATION_COMMENTS = YES;
				CLANG_WARN_EMPTY_BODY = YES;
				CLANG_WARN_ENUM_CONVERSION = YES;
				CLANG_WARN_INFINITE_RECURSION = YES;
				CLANG_WARN_INT_CONVERSION = YES;
				CLANG_WARN_NON_LITERAL_NULL_CONVERSION = YES;
				CLANG_WARN_OBJC_IMPLICIT_RETAIN_SELF = YES;
				CLANG_WARN_OBJC_LITERAL_CONVERSION = YES;
				CLANG_WARN_OBJC_ROOT_CLASS = YES_ERROR;
				CLANG_WARN_QUOTED_INCLUDE_IN_FRAMEWORK_HEADER = YES;
				CLANG_WARN_RANGE_LOOP_ANALYSIS = YES;
				CLANG_WARN_STRICT_PROTOTYPES = YES;
				CLANG_WARN_SUSPICIOUS_MOVE = YES;
				CLANG_WARN_UNGUARDED_AVAILABILITY = YES_AGGRESSIVE;
				CLANG_WARN_UNREACHABLE_CODE = YES;
				CLANG_WARN__DUPLICATE_METHOD_MATCH = YES;
				COPY_PHASE_STRIP = NO;
				DEBUG_INFORMATION_FORMAT = "dwarf-with-dsym";
				ENABLE_NS_ASSERTIONS = NO;
				ENABLE_STRICT_OBJC_MSGSEND = YES;
				GCC_C_LANGUAGE_STANDARD = gnu11;
				GCC_NO_COMMON_BLOCKS = YES;
				GCC_WARN_64_TO_32_BIT_CONVERSION = YES;
				GCC_WARN_ABOUT_RETURN_TYPE = YES_ERROR;
				GCC_WARN_UNDECLARED_SELECTOR = YES;
				GCC_WARN_UNINITIALIZED_AUTOS = YES_AGGRESSIVE;
				GCC_WARN_UNUSED_FUNCTION = YES;
				GCC_WARN_UNUSED_VARIABLE = YES;
				IPHONEOS_DEPLOYMENT_TARGET = 16.4;
				MTL_ENABLE_DEBUG_INFO = NO;
				MTL_FAST_MATH = YES;
				SDKROOT = iphoneos;
				SWIFT_COMPILATION_MODE = wholemodule;
				SWIFT_OPTIMIZATION_LEVEL = "-O";
				VALIDATE_PRODUCT = YES;
			};
			name = Release;
		};
		74B8CD5E29EB35E700F0AD40 /* Debug */ = {
			isa = XCBuildConfiguration;
			buildSettings = {
				ASSETCATALOG_COMPILER_APPICON_NAME = AppIcon;
				ASSETCATALOG_COMPILER_GLOBAL_ACCENT_COLOR_NAME = AccentColor;
				CODE_SIGN_STYLE = Automatic;
				CURRENT_PROJECT_VERSION = 1;
				DEVELOPMENT_TEAM = 95Y447U3W5;
				GENERATE_INFOPLIST_FILE = YES;
				INFOPLIST_FILE = DigimonProject/Info.plist;
				INFOPLIST_KEY_UIApplicationSupportsIndirectInputEvents = YES;
				INFOPLIST_KEY_UILaunchStoryboardName = LaunchScreen;
				INFOPLIST_KEY_UISupportedInterfaceOrientations_iPad = "UIInterfaceOrientationPortrait UIInterfaceOrientationPortraitUpsideDown UIInterfaceOrientationLandscapeLeft UIInterfaceOrientationLandscapeRight";
				INFOPLIST_KEY_UISupportedInterfaceOrientations_iPhone = "UIInterfaceOrientationPortrait UIInterfaceOrientationLandscapeLeft UIInterfaceOrientationLandscapeRight";
				LD_RUNPATH_SEARCH_PATHS = (
					"$(inherited)",
					"@executable_path/Frameworks",
				);
				MARKETING_VERSION = 1.0;
				PRODUCT_BUNDLE_IDENTIFIER = com.kevinjeon.DigimonProject;
				PRODUCT_NAME = "$(TARGET_NAME)";
				SWIFT_EMIT_LOC_STRINGS = YES;
				SWIFT_VERSION = 5.0;
				TARGETED_DEVICE_FAMILY = "1,2";
			};
			name = Debug;
		};
		74B8CD5F29EB35E700F0AD40 /* Release */ = {
			isa = XCBuildConfiguration;
			buildSettings = {
				ASSETCATALOG_COMPILER_APPICON_NAME = AppIcon;
				ASSETCATALOG_COMPILER_GLOBAL_ACCENT_COLOR_NAME = AccentColor;
				CODE_SIGN_STYLE = Automatic;
				CURRENT_PROJECT_VERSION = 1;
				DEVELOPMENT_TEAM = 95Y447U3W5;
				GENERATE_INFOPLIST_FILE = YES;
				INFOPLIST_FILE = DigimonProject/Info.plist;
				INFOPLIST_KEY_UIApplicationSupportsIndirectInputEvents = YES;
				INFOPLIST_KEY_UILaunchStoryboardName = LaunchScreen;
				INFOPLIST_KEY_UISupportedInterfaceOrientations_iPad = "UIInterfaceOrientationPortrait UIInterfaceOrientationPortraitUpsideDown UIInterfaceOrientationLandscapeLeft UIInterfaceOrientationLandscapeRight";
				INFOPLIST_KEY_UISupportedInterfaceOrientations_iPhone = "UIInterfaceOrientationPortrait UIInterfaceOrientationLandscapeLeft UIInterfaceOrientationLandscapeRight";
				LD_RUNPATH_SEARCH_PATHS = (
					"$(inherited)",
					"@executable_path/Frameworks",
				);
				MARKETING_VERSION = 1.0;
				PRODUCT_BUNDLE_IDENTIFIER = com.kevinjeon.DigimonProject;
				PRODUCT_NAME = "$(TARGET_NAME)";
				SWIFT_EMIT_LOC_STRINGS = YES;
				SWIFT_VERSION = 5.0;
				TARGETED_DEVICE_FAMILY = "1,2";
			};
			name = Release;
		};
/* End XCBuildConfiguration section */

/* Begin XCConfigurationList section */
		74B8CD4129EB35E600F0AD40 /* Build configuration list for PBXProject "DigimonProject" */ = {
			isa = XCConfigurationList;
			buildConfigurations = (
				74B8CD5B29EB35E700F0AD40 /* Debug */,
				74B8CD5C29EB35E700F0AD40 /* Release */,
			);
			defaultConfigurationIsVisible = 0;
			defaultConfigurationName = Release;
		};
		74B8CD5D29EB35E700F0AD40 /* Build configuration list for PBXNativeTarget "DigimonProject" */ = {
			isa = XCConfigurationList;
			buildConfigurations = (
				74B8CD5E29EB35E700F0AD40 /* Debug */,
				74B8CD5F29EB35E700F0AD40 /* Release */,
			);
			defaultConfigurationIsVisible = 0;
			defaultConfigurationName = Release;
		};
/* End XCConfigurationList section */

/* Begin XCVersionGroup section */
		74B8CD5229EB35E600F0AD40 /* DigimonProject.xcdatamodeld */ = {
			isa = XCVersionGroup;
			children = (
				74B8CD5329EB35E600F0AD40 /* DigimonProject.xcdatamodel */,
			);
			currentVersion = 74B8CD5329EB35E600F0AD40 /* DigimonProject.xcdatamodel */;
			path = DigimonProject.xcdatamodeld;
			sourceTree = "<group>";
			versionGroupType = wrapper.xcdatamodel;
		};
/* End XCVersionGroup section */
	};
	rootObject = 74B8CD3E29EB35E600F0AD40 /* Project object */;
}
